# This file is automatically @generated by Cargo.
# It is not intended for manual editing.
[[package]]
name = "aho-corasick"
version = "0.7.6"
source = "registry+https://github.com/rust-lang/crates.io-index"
dependencies = [
 "memchr 2.2.1 (registry+https://github.com/rust-lang/crates.io-index)",
]

[[package]]
name = "lazy_static"
version = "1.4.0"
source = "registry+https://github.com/rust-lang/crates.io-index"

[[package]]
name = "listnode"
version = "0.1.0"

[[package]]
name = "main_to_test"
version = "0.1.0"
dependencies = [
 "lazy_static 1.4.0 (registry+https://github.com/rust-lang/crates.io-index)",
 "regex 1.3.1 (registry+https://github.com/rust-lang/crates.io-index)",
]

[[package]]
name = "memchr"
version = "2.2.1"
source = "registry+https://github.com/rust-lang/crates.io-index"

[[package]]
name = "p001_two_sum"
version = "0.1.0"

[[package]]
name = "p002_add_two_numbers"
version = "0.1.0"

[[package]]
name = "p003_longest_substring_without_repeating_characters"
version = "0.1.0"

[[package]]
name = "p004_median_of_two_sorted_arrays"
version = "0.1.0"

[[package]]
name = "p005_longest_palindromic_substring"
version = "0.1.0"

[[package]]
name = "p009_palindrome_number"
version = "0.1.0"

[[package]]
name = "p010_regular_expression_matching"
version = "0.1.0"

[[package]]
name = "p014_longest_common_prefix"
version = "0.1.0"

[[package]]
name = "p015_3sum"
version = "0.1.0"

[[package]]
name = "p016_3sum_cloest"
version = "0.1.0"

[[package]]
name = "p017_letter_combinations_of_a_phone_number"
version = "0.1.0"

[[package]]
name = "p018_4sum"
version = "0.1.0"

[[package]]
name = "p019_remove_nth_node_from_end_of_list"
version = "0.1.0"

[[package]]
name = "p020_valid_parentheses"
version = "0.1.0"

[[package]]
name = "p021_merge_two_sorted_lists"
version = "0.1.0"
dependencies = [
 "listnode 0.1.0",
]

[[package]]
name = "p021_merge_two_sorted_lists_no_copy"
version = "0.1.0"
dependencies = [
 "listnode 0.1.0",
]

[[package]]
name = "p022_generate_parentheses"
version = "0.1.0"

[[package]]
name = "p023_merge_k_sorted_lists"
version = "0.1.0"
dependencies = [
 "listnode 0.1.0",
]

[[package]]
name = "p023_merge_k_sorted_lists_divide_and_conquer"
version = "0.1.0"
dependencies = [
 "listnode 0.1.0",
]

[[package]]
name = "p024_swap_nodes_in_pairs"
version = "0.1.0"
dependencies = [
 "listnode 0.1.0",
]

[[package]]
name = "p025_reverse_nodes_in_k_group"
version = "0.1.0"
dependencies = [
 "listnode 0.1.0",
]

[[package]]
name = "p026_remove_duplicates_from_sorted_array"
version = "0.1.0"

[[package]]
name = "p030_substring_with_concatenation_of_all_words"
version = "0.1.0"

[[package]]
name = "p031_next_permutation"
version = "0.1.0"

[[package]]
name = "p032_longest_valid_parentheses"
version = "0.1.0"

[[package]]
name = "p033_search_in_rotated_sorted_array"
version = "0.1.0"

[[package]]
name = "p034_find_first_and_last_position_of_element_in_sorted_array"
version = "0.1.0"

[[package]]
name = "p036_valid_sudoku"
version = "0.1.0"

[[package]]
name = "p037_sudoku_solver"
version = "0.1.0"

[[package]]
name = "p039_combination_sum"
version = "0.1.0"

[[package]]
name = "p040_combination_sum_ii"
version = "0.1.0"

[[package]]
name = "p041_first_missing_positive"
version = "0.1.0"

[[package]]
name = "p042_trapping_rain_water"
version = "0.1.0"

[[package]]
name = "p043_multiply_strings"
version = "0.1.0"

[[package]]
name = "p044_wildcard_matching"
version = "0.1.0"

[[package]]
name = "p045_jump_game_ii"
version = "0.1.0"

[[package]]
name = "p046_permutations"
version = "0.1.0"

[[package]]
name = "p047_permutations_ii"
version = "0.1.0"

[[package]]
name = "regex"
version = "1.3.1"
source = "registry+https://github.com/rust-lang/crates.io-index"
dependencies = [
 "aho-corasick 0.7.6 (registry+https://github.com/rust-lang/crates.io-index)",
 "memchr 2.2.1 (registry+https://github.com/rust-lang/crates.io-index)",
 "regex-syntax 0.6.12 (registry+https://github.com/rust-lang/crates.io-index)",
 "thread_local 0.3.6 (registry+https://github.com/rust-lang/crates.io-index)",
]

[[package]]
name = "regex-syntax"
version = "0.6.12"
source = "registry+https://github.com/rust-lang/crates.io-index"

[[package]]
name = "thread_local"
version = "0.3.6"
source = "registry+https://github.com/rust-lang/crates.io-index"
dependencies = [
 "lazy_static 1.4.0 (registry+https://github.com/rust-lang/crates.io-index)",
]

[metadata]
"checksum aho-corasick 0.7.6 (registry+https://github.com/rust-lang/crates.io-index)" = "58fb5e95d83b38284460a5fda7d6470aa0b8844d283a0b614b8535e880800d2d"
"checksum lazy_static 1.4.0 (registry+https://github.com/rust-lang/crates.io-index)" = "e2abad23fbc42b3700f2f279844dc832adb2b2eb069b2df918f455c4e18cc646"
"checksum memchr 2.2.1 (registry+https://github.com/rust-lang/crates.io-index)" = "88579771288728879b57485cc7d6b07d648c9f0141eb955f8ab7f9d45394468e"
"checksum regex 1.3.1 (registry+https://github.com/rust-lang/crates.io-index)" = "dc220bd33bdce8f093101afe22a037b8eb0e5af33592e6a9caafff0d4cb81cbd"
"checksum regex-syntax 0.6.12 (registry+https://github.com/rust-lang/crates.io-index)" = "11a7e20d1cce64ef2fed88b66d347f88bd9babb82845b2b858f3edbf59a4f716"
"checksum thread_local 0.3.6 (registry+https://github.com/rust-lang/crates.io-index)" = "c6b53e329000edc2b34dbe8545fd20e55a333362d0a321909685a19bd28c3f1b"
